
Microsoft Visual Studio Solution File, Format Version 12.00
# Visual Studio Version 17
VisualStudioVersion = 17.8.34408.163
MinimumVisualStudioVersion = 10.0.40219.1
Project("{FAE04EC0-301F-11D3-BF4B-00C04F79EFBC}") = "ChatApplication01", "ChatApplication01\ChatApplication01.csproj", "{DC203EA8-8B24-42CF-865F-945468AFFDBB}"
EndProject
Global
	GlobalSection(SolutionConfigurationPlatforms) = preSolution
		Debug|Any CPU = Debug|Any CPU
		Release|Any CPU = Release|Any CPU
	EndGlobalSection
	GlobalSection(ProjectConfigurationPlatforms) = postSolution
		{DC203EA8-8B24-42CF-865F-945468AFFDBB}.Debug|Any CPU.ActiveCfg = Debug|Any CPU
		{DC203EA8-8B24-42CF-865F-945468AFFDBB}.Debug|Any CPU.Build.0 = Debug|Any CPU
		{DC203EA8-8B24-42CF-865F-945468AFFDBB}.Release|Any CPU.ActiveCfg = Release|Any CPU
		{DC203EA8-8B24-42CF-865F-945468AFFDBB}.Release|Any CPU.Build.0 = Release|Any CPU
	EndGlobalSection
	GlobalSection(SolutionProperties) = preSolution
		HideSolutionNode = FALSE
	EndGlobalSection
	GlobalSection(ExtensibilityGlobals) = postSolution
		SolutionGuid = {998FF2DF-BF84-479B-A8CF-C0845E98362D}
	EndGlobalSection
EndGlobal
